PODS:
  - FlexibleSteppedProgressBar (0.7.2)

DEPENDENCIES:
  - FlexibleSteppedProgressBar (from `../`)

EXTERNAL SOURCES:
  FlexibleSteppedProgressBar:
    :path: "../"

SPEC CHECKSUMS:
  FlexibleSteppedProgressBar: 6a781cfed749bf59c69813a8706aa397c342ab5c

PODFILE CHECKSUM: 88dadbb79cb3d2ec4c9a450613d3821be090bbb1

COCOAPODS: 1.11.3
